
Microsoft Visual Studio Solution File, Format Version 12.00
# Visual Studio Version 17
VisualStudioVersion = 17.9.34714.143
MinimumVisualStudioVersion = 10.0.40219.1
Project("{9A19103F-16F7-4668-BE54-9A1E7A4F7556}") = "OSA.Server", "OSA.Server\OSA.Server.csproj", "{C82D7952-A7E2-4B00-A9E4-8A0CBFDBE178}"
EndProject
Project("{54A90642-561A-4BB1-A94E-469ADEE60C69}") = "osa.client", "osa.client\osa.client.esproj", "{10A83771-6AB2-4072-B907-46D1A7EF2F1F}"
EndProject
Global
	GlobalSection(SolutionConfigurationPlatforms) = preSolution
		Debug|Any CPU = Debug|Any CPU
		Release|Any CPU = Release|Any CPU
	EndGlobalSection
	GlobalSection(ProjectConfigurationPlatforms) = postSolution
		{C82D7952-A7E2-4B00-A9E4-8A0CBFDBE178}.Debug|Any CPU.ActiveCfg = Debug|Any CPU
		{C82D7952-A7E2-4B00-A9E4-8A0CBFDBE178}.Debug|Any CPU.Build.0 = Debug|Any CPU
		{C82D7952-A7E2-4B00-A9E4-8A0CBFDBE178}.Release|Any CPU.ActiveCfg = Release|Any CPU
		{C82D7952-A7E2-4B00-A9E4-8A0CBFDBE178}.Release|Any CPU.Build.0 = Release|Any CPU
		{10A83771-6AB2-4072-B907-46D1A7EF2F1F}.Debug|Any CPU.ActiveCfg = Debug|Any CPU
		{10A83771-6AB2-4072-B907-46D1A7EF2F1F}.Release|Any CPU.ActiveCfg = Release|Any CPU
		{10A83771-6AB2-4072-B907-46D1A7EF2F1F}.Release|Any CPU.Build.0 = Release|Any CPU
		{10A83771-6AB2-4072-B907-46D1A7EF2F1F}.Release|Any CPU.Deploy.0 = Release|Any CPU
	EndGlobalSection
	GlobalSection(SolutionProperties) = preSolution
		HideSolutionNode = FALSE
	EndGlobalSection
	GlobalSection(ExtensibilityGlobals) = postSolution
		SolutionGuid = {DB8ADEE5-58EE-4EFA-AC23-E1987C247CBC}
	EndGlobalSection
EndGlobal
